// !$*UTF8*$!
{
	archiveVersion = 1;
	classes = {
	};
	objectVersion = 46;
	objects = {

/* Begin PBXBuildFile section */
		E036BED61B261AA500828609 /* Tracking.swift in Sources */ = {isa = PBXBuildFile; fileRef = E036BED51B261AA500828609 /* Tracking.swift */; };
		E0D9CD9D1B0FAE4100D7CD5F /* AppDelegate.swift in Sources */ = {isa = PBXBuildFile; fileRef = E0D9CD9C1B0FAE4100D7CD5F /* AppDelegate.swift */; };
		E0D9CDA01B0FAE4100D7CD5F /* test1.xcdatamodeld in Sources */ = {isa = PBXBuildFile; fileRef = E0D9CD9E1B0FAE4100D7CD5F /* test1.xcdatamodeld */; };
		E0D9CDA21B0FAE4100D7CD5F /* ViewController.swift in Sources */ = {isa = PBXBuildFile; fileRef = E0D9CDA11B0FAE4100D7CD5F /* ViewController.swift */; };
		E0D9CDA51B0FAE4100D7CD5F /* Main.storyboard in Resources */ = {isa = PBXBuildFile; fileRef = E0D9CDA31B0FAE4100D7CD5F /* Main.storyboard */; };
		E0D9CDA71B0FAE4100D7CD5F /* Images.xcassets in Resources */ = {isa = PBXBuildFile; fileRef = E0D9CDA61B0FAE4100D7CD5F /* Images.xcassets */; };
		E0D9CDAA1B0FAE4100D7CD5F /* LaunchScreen.xib in Resources */ = {isa = PBXBuildFile; fileRef = E0D9CDA81B0FAE4100D7CD5F /* LaunchScreen.xib */; };
		E0D9CDB61B0FAE4100D7CD5F /* test1Tests.swift in Sources */ = {isa = PBXBuildFile; fileRef = E0D9CDB51B0FAE4100D7CD5F /* test1Tests.swift */; };
		E0D9CDC01B0FAE4C00D7CD5F /* CoreData.framework in Frameworks */ = {isa = PBXBuildFile; fileRef = E0D9CDBF1B0FAE4C00D7CD5F /* CoreData.framework */; };
		E0FADE361B28A94500B53FEF /* SwiftyJSON.swift in Frameworks */ = {isa = PBXBuildFile; fileRef = E0FADE351B28A94500B53FEF /* SwiftyJSON.swift */; };
/* End PBXBuildFile section */

/* Begin PBXContainerItemProxy section */
		E0D9CDB01B0FAE4100D7CD5F /* PBXContainerItemProxy */ = {
			isa = PBXContainerItemProxy;
			containerPortal = E0D9CD8F1B0FAE4100D7CD5F /* Project object */;
			proxyType = 1;
			remoteGlobalIDString = E0D9CD961B0FAE4100D7CD5F;
			remoteInfo = test1;
		};
/* End PBXContainerItemProxy section */

/* Begin PBXFileReference section */
		E036BED51B261AA500828609 /* Tracking.swift */ = {isa = PBXFileReference; fileEncoding = 4; lastKnownFileType = sourcecode.swift; path = Tracking.swift; sourceTree = "<group>"; };
		E0D9CD971B0FAE4100D7CD5F /* test1.app */ = {isa = PBXFileReference; explicitFileType = wrapper.application; includeInIndex = 0; path = test1.app; sourceTree = BUILT_PRODUCTS_DIR; };
		E0D9CD9B1B0FAE4100D7CD5F /* Info.plist */ = {isa = PBXFileReference; lastKnownFileType = text.plist.xml; path = Info.plist; sourceTree = "<group>"; };
		E0D9CD9C1B0FAE4100D7CD5F /* AppDelegate.swift */ = {isa = PBXFileReference; lastKnownFileType = sourcecode.swift; path = AppDelegate.swift; sourceTree = "<group>"; };
		E0D9CD9F1B0FAE4100D7CD5F /* test1.xcdatamodel */ = {isa = PBXFileReference; lastKnownFileType = wrapper.xcdatamodel; path = test1.xcdatamodel; sourceTree = "<group>"; };
		E0D9CDA11B0FAE4100D7CD5F /* ViewController.swift */ = {isa = PBXFileReference; lastKnownFileType = sourcecode.swift; path = ViewController.swift; sourceTree = "<group>"; };
		E0D9CDA41B0FAE4100D7CD5F /* Base */ = {isa = PBXFileReference; lastKnownFileType = file.storyboard; name = Base; path = Base.lproj/Main.storyboard; sourceTree = "<group>"; };
		E0D9CDA61B0FAE4100D7CD5F /* Images.xcassets */ = {isa = PBXFileReference; lastKnownFileType = folder.assetcatalog; path = Images.xcassets; sourceTree = "<group>"; };
		E0D9CDA91B0FAE4100D7CD5F /* Base */ = {isa = PBXFileReference; lastKnownFileType = file.xib; name = Base; path = Base.lproj/LaunchScreen.xib; sourceTree = "<group>"; };
		E0D9CDAF1B0FAE4100D7CD5F /* test1Tests.xctest */ = {isa = PBXFileReference; explicitFileType = wrapper.cfbundle; includeInIndex = 0; path = test1Tests.xctest; sourceTree = BUILT_PRODUCTS_DIR; };
		E0D9CDB41B0FAE4100D7CD5F /* Info.plist */ = {isa = PBXFileReference; lastKnownFileType = text.plist.xml; path = Info.plist; sourceTree = "<group>"; };
		E0D9CDB51B0FAE4100D7CD5F /* test1Tests.swift */ = {isa = PBXFileReference; lastKnownFileType = sourcecode.swift; path = test1Tests.swift; sourceTree = "<group>"; };
		E0D9CDBF1B0FAE4C00D7CD5F /* CoreData.framework */ = {isa = PBXFileReference; lastKnownFileType = wrapper.framework; name = CoreData.framework; path = System/Library/Frameworks/CoreData.framework; sourceTree = SDKROOT; };
		E0FADE351B28A94500B53FEF /* SwiftyJSON.swift */ = {isa = PBXFileReference; lastKnownFileType = sourcecode.swift; name = SwiftyJSON.swift; path = "../../../Downloads/SwiftyJSON-master/Source/SwiftyJSON.swift"; sourceTree = "<group>"; };
/* End PBXFileReference section */

/* Begin PBXFrameworksBuildPhase section */
		E0D9CD941B0FAE4100D7CD5F /* Frameworks */ = {
			isa = PBXFrameworksBuildPhase;
			buildActionMask = 2147483647;
			files = (
				E0FADE361B28A94500B53FEF /* SwiftyJSON.swift in Frameworks */,
				E0D9CDC01B0FAE4C00D7CD5F /* CoreData.framework in Frameworks */,
			);
			runOnlyForDeploymentPostprocessing = 0;
		};
		E0D9CDAC1B0FAE4100D7CD5F /* Frameworks */ = {
			isa = PBXFrameworksBuildPhase;
			buildActionMask = 2147483647;
			files = (
			);
			runOnlyForDeploymentPostprocessing = 0;
		};
/* End PBXFrameworksBuildPhase section */

/* Begin PBXGroup section */
		E0D9CD8E1B0FAE4100D7CD5F = {
			isa = PBXGroup;
			children = (
				E0D9CDBF1B0FAE4C00D7CD5F /* CoreData.framework */,
				E0D9CD991B0FAE4100D7CD5F /* test1 */,
				E0D9CDB21B0FAE4100D7CD5F /* test1Tests */,
				E0D9CD981B0FAE4100D7CD5F /* Products */,
			);
			sourceTree = "<group>";
		};
		E0D9CD981B0FAE4100D7CD5F /* Products */ = {
			isa = PBXGroup;
			children = (
				E0D9CD971B0FAE4100D7CD5F /* test1.app */,
				E0D9CDAF1B0FAE4100D7CD5F /* test1Tests.xctest */,
			);
			name = Products;
			sourceTree = "<group>";
		};
		E0D9CD991B0FAE4100D7CD5F /* test1 */ = {
			isa = PBXGroup;
			children = (
				E036BED51B261AA500828609 /* Tracking.swift */,
				E0D9CD9C1B0FAE4100D7CD5F /* AppDelegate.swift */,
				E0D9CDA11B0FAE4100D7CD5F /* ViewController.swift */,
				E0FADE351B28A94500B53FEF /* SwiftyJSON.swift */,
				E0D9CDA31B0FAE4100D7CD5F /* Main.storyboard */,
				E0D9CDA61B0FAE4100D7CD5F /* Images.xcassets */,
				E0D9CDA81B0FAE4100D7CD5F /* LaunchScreen.xib */,
				E0D9CD9E1B0FAE4100D7CD5F /* test1.xcdatamodeld */,
				E0D9CD9A1B0FAE4100D7CD5F /* Supporting Files */,
			);
			path = test1;
			sourceTree = "<group>";
		};
		E0D9CD9A1B0FAE4100D7CD5F /* Supporting Files */ = {
			isa = PBXGroup;
			children = (
				E0D9CD9B1B0FAE4100D7CD5F /* Info.plist */,
			);
			name = "Supporting Files";
			sourceTree = "<group>";
		};
		E0D9CDB21B0FAE4100D7CD5F /* test1Tests */ = {
			isa = PBXGroup;
			children = (
				E0D9CDB51B0FAE4100D7CD5F /* test1Tests.swift */,
				E0D9CDB31B0FAE4100D7CD5F /* Supporting Files */,
			);
			path = test1Tests;
			sourceTree = "<group>";
		};
		E0D9CDB31B0FAE4100D7CD5F /* Supporting Files */ = {
			isa = PBXGroup;
			children = (
				E0D9CDB41B0FAE4100D7CD5F /* Info.plist */,
			);
			name = "Supporting Files";
			sourceTree = "<group>";
		};
/* End PBXGroup section */

/* Begin PBXNativeTarget section */
		E0D9CD961B0FAE4100D7CD5F /* test1 */ = {
			isa = PBXNativeTarget;
			buildConfigurationList = E0D9CDB91B0FAE4100D7CD5F /* Build configuration list for PBXNativeTarget "test1" */;
			buildPhases = (
				E0D9CD931B0FAE4100D7CD5F /* Sources */,
				E0D9CD941B0FAE4100D7CD5F /* Frameworks */,
				E0D9CD951B0FAE4100D7CD5F /* Resources */,
			);
			buildRules = (
			);
			dependencies = (
			);
			name = test1;
			productName = test1;
			productReference = E0D9CD971B0FAE4100D7CD5F /* test1.app */;
			productType = "com.apple.product-type.application";
		};
		E0D9CDAE1B0FAE4100D7CD5F /* test1Tests */ = {
			isa = PBXNativeTarget;
			buildConfigurationList = E0D9CDBC1B0FAE4100D7CD5F /* Build configuration list for PBXNativeTarget "test1Tests" */;
			buildPhases = (
				E0D9CDAB1B0FAE4100D7CD5F /* Sources */,
				E0D9CDAC1B0FAE4100D7CD5F /* Frameworks */,
				E0D9CDAD1B0FAE4100D7CD5F /* Resources */,
			);
			buildRules = (
			);
			dependencies = (
				E0D9CDB11B0FAE4100D7CD5F /* PBXTargetDependency */,
			);
			name = test1Tests;
			productName = test1Tests;
			productReference = E0D9CDAF1B0FAE4100D7CD5F /* test1Tests.xctest */;
			productType = "com.apple.product-type.bundle.unit-test";
		};
/* End PBXNativeTarget section */

/* Begin PBXProject section */
		E0D9CD8F1B0FAE4100D7CD5F /* Project object */ = {
			isa = PBXProject;
			attributes = {
				LastUpgradeCheck = 0630;
				ORGANIZATIONNAME = "Patrick Chang";
				TargetAttributes = {
					E0D9CD961B0FAE4100D7CD5F = {
						CreatedOnToolsVersion = 6.3;
						DevelopmentTeam = WX6BPYNL6X;
						SystemCapabilities = {
							com.apple.BackgroundModes = {
								enabled = 1;
							};
						};
					};
					E0D9CDAE1B0FAE4100D7CD5F = {
						CreatedOnToolsVersion = 6.3;
						TestTargetID = E0D9CD961B0FAE4100D7CD5F;
					};
				};
			};
			buildConfigurationList = E0D9CD921B0FAE4100D7CD5F /* Build configuration list for PBXProject "TimebankingDataCollection" */;
			compatibilityVersion = "Xcode 3.2";
			developmentRegion = English;
			hasScannedForEncodings = 0;
			knownRegions = (
				en,
				Base,
			);
			mainGroup = E0D9CD8E1B0FAE4100D7CD5F;
			productRefGroup = E0D9CD981B0FAE4100D7CD5F /* Products */;
			projectDirPath = "";
			projectRoot = "";
			targets = (
				E0D9CD961B0FAE4100D7CD5F /* test1 */,
				E0D9CDAE1B0FAE4100D7CD5F /* test1Tests */,
			);
		};
/* End PBXProject section */

/* Begin PBXResourcesBuildPhase section */
		E0D9CD951B0FAE4100D7CD5F /* Resources */ = {
			isa = PBXResourcesBuildPhase;
			buildActionMask = 2147483647;
			files = (
				E0D9CDA51B0FAE4100D7CD5F /* Main.storyboard in Resources */,
				E0D9CDAA1B0FAE4100D7CD5F /* LaunchScreen.xib in Resources */,
				E0D9CDA71B0FAE4100D7CD5F /* Images.xcassets in Resources */,
			);
			runOnlyForDeploymentPostprocessing = 0;
		};
		E0D9CDAD1B0FAE4100D7CD5F /* Resources */ = {
			isa = PBXResourcesBuildPhase;
			buildActionMask = 2147483647;
			files = (
			);
			runOnlyForDeploymentPostprocessing = 0;
		};
/* End PBXResourcesBuildPhase section */

/* Begin PBXSourcesBuildPhase section */
		E0D9CD931B0FAE4100D7CD5F /* Sources */ = {
			isa = PBXSourcesBuildPhase;
			buildActionMask = 2147483647;
			files = (
				E036BED61B261AA500828609 /* Tracking.swift in Sources */,
				E0D9CDA21B0FAE4100D7CD5F /* ViewController.swift in Sources */,
				E0D9CD9D1B0FAE4100D7CD5F /* AppDelegate.swift in Sources */,
				E0D9CDA01B0FAE4100D7CD5F /* test1.xcdatamodeld in Sources */,
			);
			runOnlyForDeploymentPostprocessing = 0;
		};
		E0D9CDAB1B0FAE4100D7CD5F /* Sources */ = {
			isa = PBXSourcesBuildPhase;
			buildActionMask = 2147483647;
			files = (
				E0D9CDB61B0FAE4100D7CD5F /* test1Tests.swift in Sources */,
			);
			runOnlyForDeploymentPostprocessing = 0;
		};
/* End PBXSourcesBuildPhase section */

/* Begin PBXTargetDependency section */
		E0D9CDB11B0FAE4100D7CD5F /* PBXTargetDependency */ = {
			isa = PBXTargetDependency;
			target = E0D9CD961B0FAE4100D7CD5F /* test1 */;
			targetProxy = E0D9CDB01B0FAE4100D7CD5F /* PBXContainerItemProxy */;
		};
/* End PBXTargetDependency section */

/* Begin PBXVariantGroup section */
		E0D9CDA31B0FAE4100D7CD5F /* Main.storyboard */ = {
			isa = PBXVariantGroup;
			children = (
				E0D9CDA41B0FAE4100D7CD5F /* Base */,
			);
			name = Main.storyboard;
			sourceTree = "<group>";
		};
		E0D9CDA81B0FAE4100D7CD5F /* LaunchScreen.xib */ = {
			isa = PBXVariantGroup;
			children = (
				E0D9CDA91B0FAE4100D7CD5F /* Base */,
			);
			name = LaunchScreen.xib;
			sourceTree = "<group>";
		};
/* End PBXVariantGroup section */

/* Begin XCBuildConfiguration section */
		E0D9CDB71B0FAE4100D7CD5F /* Debug */ = {
			isa = XCBuildConfiguration;
			buildSettings = {
				ALWAYS_SEARCH_USER_PATHS = NO;
				CLANG_CXX_LANGUAGE_STANDARD = "gnu++0x";
				CLANG_CXX_LIBRARY = "libc++";
				CLANG_ENABLE_MODULES = YES;
				CLANG_ENABLE_OBJC_ARC = YES;
				CLANG_WARN_BOOL_CONVERSION = YES;
				CLANG_WARN_CONSTANT_CONVERSION = YES;
				CLANG_WARN_DIRECT_OBJC_ISA_USAGE = YES_ERROR;
				CLANG_WARN_EMPTY_BODY = YES;
				CLANG_WARN_ENUM_CONVERSION = YES;
				CLANG_WARN_INT_CONVERSION = YES;
				CLANG_WARN_OBJC_ROOT_CLASS = YES_ERROR;
				CLANG_WARN_UNREACHABLE_CODE = YES;
				CLANG_WARN__DUPLICATE_METHOD_MATCH = YES;
				"CODE_SIGN_IDENTITY[sdk=iphoneos*]" = "iPhone Developer";
				COPY_PHASE_STRIP = NO;
				DEBUG_INFORMATION_FORMAT = "dwarf-with-dsym";
				ENABLE_STRICT_OBJC_MSGSEND = YES;
				GCC_C_LANGUAGE_STANDARD = gnu99;
				GCC_DYNAMIC_NO_PIC = NO;
				GCC_NO_COMMON_BLOCKS = YES;
				GCC_OPTIMIZATION_LEVEL = 0;
				GCC_PREPROCESSOR_DEFINITIONS = (
					"DEBUG=1",
					"$(inherited)",
				);
				GCC_SYMBOLS_PRIVATE_EXTERN = NO;
				GCC_WARN_64_TO_32_BIT_CONVERSION = YES;
				GCC_WARN_ABOUT_RETURN_TYPE = YES_ERROR;
				GCC_WARN_UNDECLARED_SELECTOR = YES;
				GCC_WARN_UNINITIALIZED_AUTOS = YES_AGGRESSIVE;
				GCC_WARN_UNUSED_FUNCTION = YES;
				GCC_WARN_UNUSED_VARIABLE = YES;
				IPHONEOS_DEPLOYMENT_TARGET = 8.3;
				MTL_ENABLE_DEBUG_INFO = YES;
				ONLY_ACTIVE_ARCH = YES;
				SDKROOT = iphoneos;
				SWIFT_OPTIMIZATION_LEVEL = "-Onone";
			};
			name = Debug;
		};
		E0D9CDB81B0FAE4100D7CD5F /* Release */ = {
			isa = XCBuildConfiguration;
			buildSettings = {
				ALWAYS_SEARCH_USER_PATHS = NO;
				CLANG_CXX_LANGUAGE_STANDARD = "gnu++0x";
				CLANG_CXX_LIBRARY = "libc++";
				CLANG_ENABLE_MODULES = YES;
				CLANG_ENABLE_OBJC_ARC = YES;
				CLANG_WARN_BOOL_CONVERSION = YES;
				CLANG_WARN_CONSTANT_CONVERSION = YES;
				CLANG_WARN_DIRECT_OBJC_ISA_USAGE = YES_ERROR;
				CLANG_WARN_EMPTY_BODY = YES;
				CLANG_WARN_ENUM_CONVERSION = YES;
				CLANG_WARN_INT_CONVERSION = YES;
				CLANG_WARN_OBJC_ROOT_CLASS = YES_ERROR;
				CLANG_WARN_UNREACHABLE_CODE = YES;
				CLANG_WARN__DUPLICATE_METHOD_MATCH = YES;
				"CODE_SIGN_IDENTITY[sdk=iphoneos*]" = "iPhone Developer";
				COPY_PHASE_STRIP = NO;
				DEBUG_INFORMATION_FORMAT = "dwarf-with-dsym";
				ENABLE_NS_ASSERTIONS = NO;
				ENABLE_STRICT_OBJC_MSGSEND = YES;
				GCC_C_LANGUAGE_STANDARD = gnu99;
				GCC_NO_COMMON_BLOCKS = YES;
				GCC_WARN_64_TO_32_BIT_CONVERSION = YES;
				GCC_WARN_ABOUT_RETURN_TYPE = YES_ERROR;
				GCC_WARN_UNDECLARED_SELECTOR = YES;
				GCC_WARN_UNINITIALIZED_AUTOS = YES_AGGRESSIVE;
				GCC_WARN_UNUSED_FUNCTION = YES;
				GCC_WARN_UNUSED_VARIABLE = YES;
				IPHONEOS_DEPLOYMENT_TARGET = 8.3;
				MTL_ENABLE_DEBUG_INFO = NO;
				SDKROOT = iphoneos;
				VALIDATE_PRODUCT = YES;
			};
			name = Release;
		};
		E0D9CDBA1B0FAE4100D7CD5F /* Debug */ = {
			isa = XCBuildConfiguration;
			buildSettings = {
				ASSETCATALOG_COMPILER_APPICON_NAME = AppIcon;
				CODE_SIGN_IDENTITY = "iPhone Developer";
				"CODE_SIGN_IDENTITY[sdk=iphoneos*]" = "iPhone Developer";
				INFOPLIST_FILE = test1/Info.plist;
				LD_RUNPATH_SEARCH_PATHS = "$(inherited) @executable_path/Frameworks";
				PRODUCT_NAME = "$(TARGET_NAME)";
				PROVISIONING_PROFILE = "";
				TARGETED_DEVICE_FAMILY = 1;
			};
			name = Debug;
		};
		E0D9CDBB1B0FAE4100D7CD5F /* Release */ = {
			isa = XCBuildConfiguration;
			buildSettings = {
				ASSETCATALOG_COMPILER_APPICON_NAME = AppIcon;
				CODE_SIGN_IDENTITY = "iPhone Developer";
				"CODE_SIGN_IDENTITY[sdk=iphoneos*]" = "iPhone Developer";
				INFOPLIST_FILE = test1/Info.plist;
				LD_RUNPATH_SEARCH_PATHS = "$(inherited) @executable_path/Frameworks";
				PRODUCT_NAME = "$(TARGET_NAME)";
				PROVISIONING_PROFILE = "";
				TARGETED_DEVICE_FAMILY = 1;
			};
			name = Release;
		};
		E0D9CDBD1B0FAE4100D7CD5F /* Debug */ = {
			isa = XCBuildConfiguration;
			buildSettings = {
				BUNDLE_LOADER = "$(TEST_HOST)";
				FRAMEWORK_SEARCH_PATHS = (
					"$(SDKROOT)/Developer/Library/Frameworks",
					"$(inherited)",
				);
				GCC_PREPROCESSOR_DEFINITIONS = (
					"DEBUG=1",
					"$(inherited)",
				);
				INFOPLIST_FILE = test1Tests/Info.plist;
				LD_RUNPATH_SEARCH_PATHS = "$(inherited) @executable_path/Frameworks @loader_path/Frameworks";
				PRODUCT_NAME = "$(TARGET_NAME)";
				TEST_HOST = "$(BUILT_PRODUCTS_DIR)/test1.app/test1";
			};
			name = Debug;
		};
		E0D9CDBE1B0FAE4100D7CD5F /* Release */ = {
			isa = XCBuildConfiguration;
			buildSettings = {
				BUNDLE_LOADER = "$(TEST_HOST)";
				FRAMEWORK_SEARCH_PATHS = (
					"$(SDKROOT)/Developer/Library/Frameworks",
					"$(inherited)",
				);
				INFOPLIST_FILE = test1Tests/Info.plist;
				LD_RUNPATH_SEARCH_PATHS = "$(inherited) @executable_path/Frameworks @loader_path/Frameworks";
				PRODUCT_NAME = "$(TARGET_NAME)";
				TEST_HOST = "$(BUILT_PRODUCTS_DIR)/test1.app/test1";
			};
			name = Release;
		};
/* End XCBuildConfiguration section */

/* Begin XCConfigurationList section */
		E0D9CD921B0FAE4100D7CD5F /* Build configuration list for PBXProject "TimebankingDataCollection" */ = {
			isa = XCConfigurationList;
			buildConfigurations = (
				E0D9CDB71B0FAE4100D7CD5F /* Debug */,
				E0D9CDB81B0FAE4100D7CD5F /* Release */,
			);
			defaultConfigurationIsVisible = 0;
			defaultConfigurationName = Release;
		};
		E0D9CDB91B0FAE4100D7CD5F /* Build configuration list for PBXNativeTarget "test1" */ = {
			isa = XCConfigurationList;
			buildConfigurations = (
				E0D9CDBA1B0FAE4100D7CD5F /* Debug */,
				E0D9CDBB1B0FAE4100D7CD5F /* Release */,
			);
			defaultConfigurationIsVisible = 0;
			defaultConfigurationName = Release;
		};
		E0D9CDBC1B0FAE4100D7CD5F /* Build configuration list for PBXNativeTarget "test1Tests" */ = {
			isa = XCConfigurationList;
			buildConfigurations = (
				E0D9CDBD1B0FAE4100D7CD5F /* Debug */,
				E0D9CDBE1B0FAE4100D7CD5F /* Release */,
			);
			defaultConfigurationIsVisible = 0;
			defaultConfigurationName = Release;
		};
/* End XCConfigurationList section */

/* Begin XCVersionGroup section */
		E0D9CD9E1B0FAE4100D7CD5F /* test1.xcdatamodeld */ = {
			isa = XCVersionGroup;
			children = (
				E0D9CD9F1B0FAE4100D7CD5F /* test1.xcdatamodel */,
			);
			currentVersion = E0D9CD9F1B0FAE4100D7CD5F /* test1.xcdatamodel */;
			path = test1.xcdatamodeld;
			sourceTree = "<group>";
			versionGroupType = wrapper.xcdatamodel;
		};
/* End XCVersionGroup section */
	};
	rootObject = E0D9CD8F1B0FAE4100D7CD5F /* Project object */;
}
